
Microsoft Visual Studio Solution File, Format Version 12.00
# Visual Studio Version 16
VisualStudioVersion = 16.0.29911.84
MinimumVisualStudioVersion = 10.0.40219.1
Project("{FAE04EC0-301F-11D3-BF4B-00C04F79EFBC}") = "StateApiExample_csharp", "StateApiExample_csharp\StateApiExample_csharp.csproj", "{982EF14A-6AF8-41BC-A1E5-B73032194D43}"
EndProject
Global
	GlobalSection(SolutionConfigurationPlatforms) = preSolution
		Debug|Any CPU = Debug|Any CPU
		Release|Any CPU = Release|Any CPU
	EndGlobalSection
	GlobalSection(ProjectConfigurationPlatforms) = postSolution
		{982EF14A-6AF8-41BC-A1E5-B73032194D43}.Debug|Any CPU.ActiveCfg = Debug|Any CPU
		{982EF14A-6AF8-41BC-A1E5-B73032194D43}.Debug|Any CPU.Build.0 = Debug|Any CPU
		{982EF14A-6AF8-41BC-A1E5-B73032194D43}.Release|Any CPU.ActiveCfg = Release|Any CPU
		{982EF14A-6AF8-41BC-A1E5-B73032194D43}.Release|Any CPU.Build.0 = Release|Any CPU
	EndGlobalSection
	GlobalSection(SolutionProperties) = preSolution
		HideSolutionNode = FALSE
	EndGlobalSection
	GlobalSection(ExtensibilityGlobals) = postSolution
		SolutionGuid = {743B8CAB-15B1-42BF-8F86-EE69F8D188CF}
	EndGlobalSection
EndGlobal
